// !$*UTF8*$!
{
	archiveVersion = 1;
	classes = {
	};
	objectVersion = 50;
	objects = {

/* Begin PBXBuildFile section */
		06D40E5623157818008177F2 /* AppDelegate.swift in Sources */ = {isa = PBXBuildFile; fileRef = 06D40E5523157818008177F2 /* AppDelegate.swift */; };
		06D40E5823157818008177F2 /* SceneDelegate.swift in Sources */ = {isa = PBXBuildFile; fileRef = 06D40E5723157818008177F2 /* SceneDelegate.swift */; };
		06D40E5A23157818008177F2 /* ContentView.swift in Sources */ = {isa = PBXBuildFile; fileRef = 06D40E5923157818008177F2 /* ContentView.swift */; };
		06D40E5C2315781B008177F2 /* Assets.xcassets in Resources */ = {isa = PBXBuildFile; fileRef = 06D40E5B2315781B008177F2 /* Assets.xcassets */; };
		06D40E5F2315781B008177F2 /* Preview Assets.xcassets in Resources */ = {isa = PBXBuildFile; fileRef = 06D40E5E2315781B008177F2 /* Preview Assets.xcassets */; };
		06D40E622315781B008177F2 /* LaunchScreen.storyboard in Resources */ = {isa = PBXBuildFile; fileRef = 06D40E602315781B008177F2 /* LaunchScreen.storyboard */; };
		9B9981E42339F7D000EC4DAD /* longestCommonPrefix_0914.py in Resources */ = {isa = PBXBuildFile; fileRef = 9B9981D62339F7D000EC4DAD /* longestCommonPrefix_0914.py */; };
		9B9981E52339F7D000EC4DAD /* maxdepth_0908.py in Resources */ = {isa = PBXBuildFile; fileRef = 9B9981D72339F7D000EC4DAD /* maxdepth_0908.py */; };
		9B9981E62339F7D000EC4DAD /* reverse_0911.py in Resources */ = {isa = PBXBuildFile; fileRef = 9B9981D82339F7D000EC4DAD /* reverse_0911.py */; };
		9B9981E72339F7D000EC4DAD /* guangduTraverse.py in Resources */ = {isa = PBXBuildFile; fileRef = 9B9981D92339F7D000EC4DAD /* guangduTraverse.py */; };
		9B9981E82339F7D000EC4DAD /* maopaosort_0902 in Resources */ = {isa = PBXBuildFile; fileRef = 9B9981DA2339F7D000EC4DAD /* maopaosort_0902 */; };
		9B9981E92339F7D000EC4DAD /* middletraverse_0904.py in Resources */ = {isa = PBXBuildFile; fileRef = 9B9981DB2339F7D000EC4DAD /* middletraverse_0904.py */; };
		9B9981EA2339F7D000EC4DAD /* deepTraverse_0906.py in Resources */ = {isa = PBXBuildFile; fileRef = 9B9981DC2339F7D000EC4DAD /* deepTraverse_0906.py */; };
		9B9981EB2339F7D000EC4DAD /* isPalindrome_0909.py in Resources */ = {isa = PBXBuildFile; fileRef = 9B9981DD2339F7D000EC4DAD /* isPalindrome_0909.py */; };
		9B9981EC2339F7D000EC4DAD /* maopaosort_0902.py in Resources */ = {isa = PBXBuildFile; fileRef = 9B9981DE2339F7D000EC4DAD /* maopaosort_0902.py */; };
		9B9981ED2339F7D000EC4DAD /* twosum_0901.py in Resources */ = {isa = PBXBuildFile; fileRef = 9B9981DF2339F7D000EC4DAD /* twosum_0901.py */; };
		9B9981EE2339F7D000EC4DAD /* launch.json in Resources */ = {isa = PBXBuildFile; fileRef = 9B9981E12339F7D000EC4DAD /* launch.json */; };
		9B9981EF2339F7D000EC4DAD /* mergeTwoLists_0903.py in Resources */ = {isa = PBXBuildFile; fileRef = 9B9981E22339F7D000EC4DAD /* mergeTwoLists_0903.py */; };
		9B9981F02339F7D000EC4DAD /* quicksort_0905.py in Resources */ = {isa = PBXBuildFile; fileRef = 9B9981E32339F7D000EC4DAD /* quicksort_0905.py */; };
/* End PBXBuildFile section */

/* Begin PBXFileReference section */
		06D40E5223157818008177F2 /* LeetCode.app */ = {isa = PBXFileReference; explicitFileType = wrapper.application; includeInIndex = 0; path = LeetCode.app; sourceTree = BUILT_PRODUCTS_DIR; };
		06D40E5523157818008177F2 /* AppDelegate.swift */ = {isa = PBXFileReference; lastKnownFileType = sourcecode.swift; path = AppDelegate.swift; sourceTree = "<group>"; };
		06D40E5723157818008177F2 /* SceneDelegate.swift */ = {isa = PBXFileReference; lastKnownFileType = sourcecode.swift; path = SceneDelegate.swift; sourceTree = "<group>"; };
		06D40E5923157818008177F2 /* ContentView.swift */ = {isa = PBXFileReference; lastKnownFileType = sourcecode.swift; path = ContentView.swift; sourceTree = "<group>"; };
		06D40E5B2315781B008177F2 /* Assets.xcassets */ = {isa = PBXFileReference; lastKnownFileType = folder.assetcatalog; path = Assets.xcassets; sourceTree = "<group>"; };
		06D40E5E2315781B008177F2 /* Preview Assets.xcassets */ = {isa = PBXFileReference; lastKnownFileType = folder.assetcatalog; path = "Preview Assets.xcassets"; sourceTree = "<group>"; };
		06D40E612315781B008177F2 /* Base */ = {isa = PBXFileReference; lastKnownFileType = file.storyboard; name = Base; path = Base.lproj/LaunchScreen.storyboard; sourceTree = "<group>"; };
		06D40E632315781B008177F2 /* Info.plist */ = {isa = PBXFileReference; lastKnownFileType = text.plist.xml; path = Info.plist; sourceTree = "<group>"; };
		9B9981D62339F7D000EC4DAD /* longestCommonPrefix_0914.py */ = {isa = PBXFileReference; fileEncoding = 4; lastKnownFileType = text.script.python; path = longestCommonPrefix_0914.py; sourceTree = "<group>"; };
		9B9981D72339F7D000EC4DAD /* maxdepth_0908.py */ = {isa = PBXFileReference; fileEncoding = 4; lastKnownFileType = text.script.python; path = maxdepth_0908.py; sourceTree = "<group>"; };
		9B9981D82339F7D000EC4DAD /* reverse_0911.py */ = {isa = PBXFileReference; fileEncoding = 4; lastKnownFileType = text.script.python; path = reverse_0911.py; sourceTree = "<group>"; };
		9B9981D92339F7D000EC4DAD /* guangduTraverse.py */ = {isa = PBXFileReference; fileEncoding = 4; lastKnownFileType = text.script.python; path = guangduTraverse.py; sourceTree = "<group>"; };
		9B9981DA2339F7D000EC4DAD /* maopaosort_0902 */ = {isa = PBXFileReference; fileEncoding = 4; lastKnownFileType = text; path = maopaosort_0902; sourceTree = "<group>"; };
		9B9981DB2339F7D000EC4DAD /* middletraverse_0904.py */ = {isa = PBXFileReference; fileEncoding = 4; lastKnownFileType = text.script.python; path = middletraverse_0904.py; sourceTree = "<group>"; };
		9B9981DC2339F7D000EC4DAD /* deepTraverse_0906.py */ = {isa = PBXFileReference; fileEncoding = 4; lastKnownFileType = text.script.python; path = deepTraverse_0906.py; sourceTree = "<group>"; };
		9B9981DD2339F7D000EC4DAD /* isPalindrome_0909.py */ = {isa = PBXFileReference; fileEncoding = 4; lastKnownFileType = text.script.python; path = isPalindrome_0909.py; sourceTree = "<group>"; };
		9B9981DE2339F7D000EC4DAD /* maopaosort_0902.py */ = {isa = PBXFileReference; fileEncoding = 4; lastKnownFileType = text.script.python; path = maopaosort_0902.py; sourceTree = "<group>"; };
		9B9981DF2339F7D000EC4DAD /* twosum_0901.py */ = {isa = PBXFileReference; fileEncoding = 4; lastKnownFileType = text.script.python; path = twosum_0901.py; sourceTree = "<group>"; };
		9B9981E12339F7D000EC4DAD /* launch.json */ = {isa = PBXFileReference; fileEncoding = 4; lastKnownFileType = text.json; path = launch.json; sourceTree = "<group>"; };
		9B9981E22339F7D000EC4DAD /* mergeTwoLists_0903.py */ = {isa = PBXFileReference; fileEncoding = 4; lastKnownFileType = text.script.python; path = mergeTwoLists_0903.py; sourceTree = "<group>"; };
		9B9981E32339F7D000EC4DAD /* quicksort_0905.py */ = {isa = PBXFileReference; fileEncoding = 4; lastKnownFileType = text.script.python; path = quicksort_0905.py; sourceTree = "<group>"; };
/* End PBXFileReference section */

/* Begin PBXFrameworksBuildPhase section */
		06D40E4F23157818008177F2 /* Frameworks */ = {
			isa = PBXFrameworksBuildPhase;
			buildActionMask = 2147483647;
			files = (
			);
			runOnlyForDeploymentPostprocessing = 0;
		};
/* End PBXFrameworksBuildPhase section */

/* Begin PBXGroup section */
		06D40E4923157818008177F2 = {
			isa = PBXGroup;
			children = (
				06D40E5423157818008177F2 /* LeetCode */,
				06D40E5323157818008177F2 /* Products */,
			);
			sourceTree = "<group>";
		};
		06D40E5323157818008177F2 /* Products */ = {
			isa = PBXGroup;
			children = (
				06D40E5223157818008177F2 /* LeetCode.app */,
			);
			name = Products;
			sourceTree = "<group>";
		};
		06D40E5423157818008177F2 /* LeetCode */ = {
			isa = PBXGroup;
			children = (
				9B9981D52339F7D000EC4DAD /* python */,
				06D40E5523157818008177F2 /* AppDelegate.swift */,
				06D40E5723157818008177F2 /* SceneDelegate.swift */,
				06D40E5923157818008177F2 /* ContentView.swift */,
				06D40E5B2315781B008177F2 /* Assets.xcassets */,
				06D40E602315781B008177F2 /* LaunchScreen.storyboard */,
				06D40E632315781B008177F2 /* Info.plist */,
				06D40E5D2315781B008177F2 /* Preview Content */,
			);
			path = LeetCode;
			sourceTree = "<group>";
		};
		06D40E5D2315781B008177F2 /* Preview Content */ = {
			isa = PBXGroup;
			children = (
				06D40E5E2315781B008177F2 /* Preview Assets.xcassets */,
			);
			path = "Preview Content";
			sourceTree = "<group>";
		};
		9B9981D52339F7D000EC4DAD /* python */ = {
			isa = PBXGroup;
			children = (
				9B9981D62339F7D000EC4DAD /* longestCommonPrefix_0914.py */,
				9B9981D72339F7D000EC4DAD /* maxdepth_0908.py */,
				9B9981D82339F7D000EC4DAD /* reverse_0911.py */,
				9B9981D92339F7D000EC4DAD /* guangduTraverse.py */,
				9B9981DA2339F7D000EC4DAD /* maopaosort_0902 */,
				9B9981DB2339F7D000EC4DAD /* middletraverse_0904.py */,
				9B9981DC2339F7D000EC4DAD /* deepTraverse_0906.py */,
				9B9981DD2339F7D000EC4DAD /* isPalindrome_0909.py */,
				9B9981DE2339F7D000EC4DAD /* maopaosort_0902.py */,
				9B9981DF2339F7D000EC4DAD /* twosum_0901.py */,
				9B9981E02339F7D000EC4DAD /* .vscode */,
				9B9981E22339F7D000EC4DAD /* mergeTwoLists_0903.py */,
				9B9981E32339F7D000EC4DAD /* quicksort_0905.py */,
			);
			path = python;
			sourceTree = "<group>";
		};
		9B9981E02339F7D000EC4DAD /* .vscode */ = {
			isa = PBXGroup;
			children = (
				9B9981E12339F7D000EC4DAD /* launch.json */,
			);
			path = .vscode;
			sourceTree = "<group>";
		};
/* End PBXGroup section */

/* Begin PBXNativeTarget section */
		06D40E5123157818008177F2 /* LeetCode */ = {
			isa = PBXNativeTarget;
			buildConfigurationList = 06D40E662315781B008177F2 /* Build configuration list for PBXNativeTarget "LeetCode" */;
			buildPhases = (
				06D40E4E23157818008177F2 /* Sources */,
				06D40E4F23157818008177F2 /* Frameworks */,
				06D40E5023157818008177F2 /* Resources */,
			);
			buildRules = (
			);
			dependencies = (
			);
			name = LeetCode;
			productName = LeetCode;
			productReference = 06D40E5223157818008177F2 /* LeetCode.app */;
			productType = "com.apple.product-type.application";
		};
/* End PBXNativeTarget section */

/* Begin PBXProject section */
		06D40E4A23157818008177F2 /* Project object */ = {
			isa = PBXProject;
			attributes = {
				LastSwiftUpdateCheck = 1100;
				LastUpgradeCheck = 1100;
				ORGANIZATIONNAME = "Eason Qian";
				TargetAttributes = {
					06D40E5123157818008177F2 = {
						CreatedOnToolsVersion = 11.0;
					};
				};
			};
			buildConfigurationList = 06D40E4D23157818008177F2 /* Build configuration list for PBXProject "LeetCode" */;
			compatibilityVersion = "Xcode 9.3";
			developmentRegion = en;
			hasScannedForEncodings = 0;
			knownRegions = (
				en,
				Base,
			);
			mainGroup = 06D40E4923157818008177F2;
			productRefGroup = 06D40E5323157818008177F2 /* Products */;
			projectDirPath = "";
			projectRoot = "";
			targets = (
				06D40E5123157818008177F2 /* LeetCode */,
			);
		};
/* End PBXProject section */

/* Begin PBXResourcesBuildPhase section */
		06D40E5023157818008177F2 /* Resources */ = {
			isa = PBXResourcesBuildPhase;
			buildActionMask = 2147483647;
			files = (
				9B9981EE2339F7D000EC4DAD /* launch.json in Resources */,
				9B9981E62339F7D000EC4DAD /* reverse_0911.py in Resources */,
				06D40E622315781B008177F2 /* LaunchScreen.storyboard in Resources */,
				06D40E5F2315781B008177F2 /* Preview Assets.xcassets in Resources */,
				9B9981E42339F7D000EC4DAD /* longestCommonPrefix_0914.py in Resources */,
				9B9981EC2339F7D000EC4DAD /* maopaosort_0902.py in Resources */,
				9B9981E92339F7D000EC4DAD /* middletraverse_0904.py in Resources */,
				9B9981ED2339F7D000EC4DAD /* twosum_0901.py in Resources */,
				9B9981E52339F7D000EC4DAD /* maxdepth_0908.py in Resources */,
				9B9981E72339F7D000EC4DAD /* guangduTraverse.py in Resources */,
				9B9981F02339F7D000EC4DAD /* quicksort_0905.py in Resources */,
				9B9981EF2339F7D000EC4DAD /* mergeTwoLists_0903.py in Resources */,
				9B9981E82339F7D000EC4DAD /* maopaosort_0902 in Resources */,
				06D40E5C2315781B008177F2 /* Assets.xcassets in Resources */,
				9B9981EA2339F7D000EC4DAD /* deepTraverse_0906.py in Resources */,
				9B9981EB2339F7D000EC4DAD /* isPalindrome_0909.py in Resources */,
			);
			runOnlyForDeploymentPostprocessing = 0;
		};
/* End PBXResourcesBuildPhase section */

/* Begin PBXSourcesBuildPhase section */
		06D40E4E23157818008177F2 /* Sources */ = {
			isa = PBXSourcesBuildPhase;
			buildActionMask = 2147483647;
			files = (
				06D40E5623157818008177F2 /* AppDelegate.swift in Sources */,
				06D40E5823157818008177F2 /* SceneDelegate.swift in Sources */,
				06D40E5A23157818008177F2 /* ContentView.swift in Sources */,
			);
			runOnlyForDeploymentPostprocessing = 0;
		};
/* End PBXSourcesBuildPhase section */

/* Begin PBXVariantGroup section */
		06D40E602315781B008177F2 /* LaunchScreen.storyboard */ = {
			isa = PBXVariantGroup;
			children = (
				06D40E612315781B008177F2 /* Base */,
			);
			name = LaunchScreen.storyboard;
			sourceTree = "<group>";
		};
/* End PBXVariantGroup section */

/* Begin XCBuildConfiguration section */
		06D40E642315781B008177F2 /* Debug */ = {
			isa = XCBuildConfiguration;
			buildSettings = {
				ALWAYS_SEARCH_USER_PATHS = NO;
				CLANG_ANALYZER_NONNULL = YES;
				CLANG_ANALYZER_NUMBER_OBJECT_CONVERSION = YES_AGGRESSIVE;
				CLANG_CXX_LANGUAGE_STANDARD = "gnu++14";
				CLANG_CXX_LIBRARY = "libc++";
				CLANG_ENABLE_MODULES = YES;
				CLANG_ENABLE_OBJC_ARC = YES;
				CLANG_ENABLE_OBJC_WEAK = YES;
				CLANG_WARN_BLOCK_CAPTURE_AUTORELEASING = YES;
				CLANG_WARN_BOOL_CONVERSION = YES;
				CLANG_WARN_COMMA = YES;
				CLANG_WARN_CONSTANT_CONVERSION = YES;
				CLANG_WARN_DEPRECATED_OBJC_IMPLEMENTATIONS = YES;
				CLANG_WARN_DIRECT_OBJC_ISA_USAGE = YES_ERROR;
				CLANG_WARN_DOCUMENTATION_COMMENTS = YES;
				CLANG_WARN_EMPTY_BODY = YES;
				CLANG_WARN_ENUM_CONVERSION = YES;
				CLANG_WARN_INFINITE_RECURSION = YES;
				CLANG_WARN_INT_CONVERSION = YES;
				CLANG_WARN_NON_LITERAL_NULL_CONVERSION = YES;
				CLANG_WARN_OBJC_IMPLICIT_RETAIN_SELF = YES;
				CLANG_WARN_OBJC_LITERAL_CONVERSION = YES;
				CLANG_WARN_OBJC_ROOT_CLASS = YES_ERROR;
				CLANG_WARN_RANGE_LOOP_ANALYSIS = YES;
				CLANG_WARN_STRICT_PROTOTYPES = YES;
				CLANG_WARN_SUSPICIOUS_MOVE = YES;
				CLANG_WARN_UNGUARDED_AVAILABILITY = YES_AGGRESSIVE;
				CLANG_WARN_UNREACHABLE_CODE = YES;
				CLANG_WARN__DUPLICATE_METHOD_MATCH = YES;
				COPY_PHASE_STRIP = NO;
				DEBUG_INFORMATION_FORMAT = dwarf;
				ENABLE_STRICT_OBJC_MSGSEND = YES;
				ENABLE_TESTABILITY = YES;
				GCC_C_LANGUAGE_STANDARD = gnu11;
				GCC_DYNAMIC_NO_PIC = NO;
				GCC_NO_COMMON_BLOCKS = YES;
				GCC_OPTIMIZATION_LEVEL = 0;
				GCC_PREPROCESSOR_DEFINITIONS = (
					"DEBUG=1",
					"$(inherited)",
				);
				GCC_WARN_64_TO_32_BIT_CONVERSION = YES;
				GCC_WARN_ABOUT_RETURN_TYPE = YES_ERROR;
				GCC_WARN_UNDECLARED_SELECTOR = YES;
				GCC_WARN_UNINITIALIZED_AUTOS = YES_AGGRESSIVE;
				GCC_WARN_UNUSED_FUNCTION = YES;
				GCC_WARN_UNUSED_VARIABLE = YES;
				IPHONEOS_DEPLOYMENT_TARGET = 13.0;
				MTL_ENABLE_DEBUG_INFO = INCLUDE_SOURCE;
				MTL_FAST_MATH = YES;
				ONLY_ACTIVE_ARCH = YES;
				SDKROOT = iphoneos;
				SWIFT_ACTIVE_COMPILATION_CONDITIONS = DEBUG;
				SWIFT_OPTIMIZATION_LEVEL = "-Onone";
			};
			name = Debug;
		};
		06D40E652315781B008177F2 /* Release */ = {
			isa = XCBuildConfiguration;
			buildSettings = {
				ALWAYS_SEARCH_USER_PATHS = NO;
				CLANG_ANALYZER_NONNULL = YES;
				CLANG_ANALYZER_NUMBER_OBJECT_CONVERSION = YES_AGGRESSIVE;
				CLANG_CXX_LANGUAGE_STANDARD = "gnu++14";
				CLANG_CXX_LIBRARY = "libc++";
				CLANG_ENABLE_MODULES = YES;
				CLANG_ENABLE_OBJC_ARC = YES;
				CLANG_ENABLE_OBJC_WEAK = YES;
				CLANG_WARN_BLOCK_CAPTURE_AUTORELEASING = YES;
				CLANG_WARN_BOOL_CONVERSION = YES;
				CLANG_WARN_COMMA = YES;
				CLANG_WARN_CONSTANT_CONVERSION = YES;
				CLANG_WARN_DEPRECATED_OBJC_IMPLEMENTATIONS = YES;
				CLANG_WARN_DIRECT_OBJC_ISA_USAGE = YES_ERROR;
				CLANG_WARN_DOCUMENTATION_COMMENTS = YES;
				CLANG_WARN_EMPTY_BODY = YES;
				CLANG_WARN_ENUM_CONVERSION = YES;
				CLANG_WARN_INFINITE_RECURSION = YES;
				CLANG_WARN_INT_CONVERSION = YES;
				CLANG_WARN_NON_LITERAL_NULL_CONVERSION = YES;
				CLANG_WARN_OBJC_IMPLICIT_RETAIN_SELF = YES;
				CLANG_WARN_OBJC_LITERAL_CONVERSION = YES;
				CLANG_WARN_OBJC_ROOT_CLASS = YES_ERROR;
				CLANG_WARN_RANGE_LOOP_ANALYSIS = YES;
				CLANG_WARN_STRICT_PROTOTYPES = YES;
				CLANG_WARN_SUSPICIOUS_MOVE = YES;
				CLANG_WARN_UNGUARDED_AVAILABILITY = YES_AGGRESSIVE;
				CLANG_WARN_UNREACHABLE_CODE = YES;
				CLANG_WARN__DUPLICATE_METHOD_MATCH = YES;
				COPY_PHASE_STRIP = NO;
				DEBUG_INFORMATION_FORMAT = "dwarf-with-dsym";
				ENABLE_NS_ASSERTIONS = NO;
				ENABLE_STRICT_OBJC_MSGSEND = YES;
				GCC_C_LANGUAGE_STANDARD = gnu11;
				GCC_NO_COMMON_BLOCKS = YES;
				GCC_WARN_64_TO_32_BIT_CONVERSION = YES;
				GCC_WARN_ABOUT_RETURN_TYPE = YES_ERROR;
				GCC_WARN_UNDECLARED_SELECTOR = YES;
				GCC_WARN_UNINITIALIZED_AUTOS = YES_AGGRESSIVE;
				GCC_WARN_UNUSED_FUNCTION = YES;
				GCC_WARN_UNUSED_VARIABLE = YES;
				IPHONEOS_DEPLOYMENT_TARGET = 13.0;
				MTL_ENABLE_DEBUG_INFO = NO;
				MTL_FAST_MATH = YES;
				SDKROOT = iphoneos;
				SWIFT_COMPILATION_MODE = wholemodule;
				SWIFT_OPTIMIZATION_LEVEL = "-O";
				VALIDATE_PRODUCT = YES;
			};
			name = Release;
		};
		06D40E672315781B008177F2 /* Debug */ = {
			isa = XCBuildConfiguration;
			buildSettings = {
				ASSETCATALOG_COMPILER_APPICON_NAME = AppIcon;
				CODE_SIGN_STYLE = Automatic;
				DEVELOPMENT_ASSET_PATHS = "LeetCode/Preview\\ Content";
				DEVELOPMENT_TEAM = Q4RW99WHTS;
				ENABLE_PREVIEWS = YES;
				INFOPLIST_FILE = LeetCode/Info.plist;
				LD_RUNPATH_SEARCH_PATHS = (
					"$(inherited)",
					"@executable_path/Frameworks",
				);
				PRODUCT_BUNDLE_IDENTIFIER = com.eason.LeetCode;
				PRODUCT_NAME = "$(TARGET_NAME)";
				SWIFT_VERSION = 5.0;
				TARGETED_DEVICE_FAMILY = "1,2";
			};
			name = Debug;
		};
		06D40E682315781B008177F2 /* Release */ = {
			isa = XCBuildConfiguration;
			buildSettings = {
				ASSETCATALOG_COMPILER_APPICON_NAME = AppIcon;
				CODE_SIGN_STYLE = Automatic;
				DEVELOPMENT_ASSET_PATHS = "LeetCode/Preview\\ Content";
				DEVELOPMENT_TEAM = Q4RW99WHTS;
				ENABLE_PREVIEWS = YES;
				INFOPLIST_FILE = LeetCode/Info.plist;
				LD_RUNPATH_SEARCH_PATHS = (
					"$(inherited)",
					"@executable_path/Frameworks",
				);
				PRODUCT_BUNDLE_IDENTIFIER = com.eason.LeetCode;
				PRODUCT_NAME = "$(TARGET_NAME)";
				SWIFT_VERSION = 5.0;
				TARGETED_DEVICE_FAMILY = "1,2";
			};
			name = Release;
		};
/* End XCBuildConfiguration section */

/* Begin XCConfigurationList section */
		06D40E4D23157818008177F2 /* Build configuration list for PBXProject "LeetCode" */ = {
			isa = XCConfigurationList;
			buildConfigurations = (
				06D40E642315781B008177F2 /* Debug */,
				06D40E652315781B008177F2 /* Release */,
			);
			defaultConfigurationIsVisible = 0;
			defaultConfigurationName = Release;
		};
		06D40E662315781B008177F2 /* Build configuration list for PBXNativeTarget "LeetCode" */ = {
			isa = XCConfigurationList;
			buildConfigurations = (
				06D40E672315781B008177F2 /* Debug */,
				06D40E682315781B008177F2 /* Release */,
			);
			defaultConfigurationIsVisible = 0;
			defaultConfigurationName = Release;
		};
/* End XCConfigurationList section */
	};
	rootObject = 06D40E4A23157818008177F2 /* Project object */;
}
